
Microsoft Visual Studio Solution File, Format Version 12.00
# Visual Studio Version 17
VisualStudioVersion = 17.0.31912.275
MinimumVisualStudioVersion = 10.0.40219.1
Project("{FAE04EC0-301F-11D3-BF4B-00C04F79EFBC}") = "SuperMarket", "SuperMarket\SuperMarket.csproj", "{ABFF0B62-1A5B-4FCB-B42A-76BB3D6BBAC6}"
EndProject
Global
	GlobalSection(SolutionConfigurationPlatforms) = preSolution
		Debug|Any CPU = Debug|Any CPU
		Release|Any CPU = Release|Any CPU
	EndGlobalSection
	GlobalSection(ProjectConfigurationPlatforms) = postSolution
		{ABFF0B62-1A5B-4FCB-B42A-76BB3D6BBAC6}.Debug|Any CPU.ActiveCfg = Debug|Any CPU
		{ABFF0B62-1A5B-4FCB-B42A-76BB3D6BBAC6}.Debug|Any CPU.Build.0 = Debug|Any CPU
		{ABFF0B62-1A5B-4FCB-B42A-76BB3D6BBAC6}.Release|Any CPU.ActiveCfg = Release|Any CPU
		{ABFF0B62-1A5B-4FCB-B42A-76BB3D6BBAC6}.Release|Any CPU.Build.0 = Release|Any CPU
	EndGlobalSection
	GlobalSection(SolutionProperties) = preSolution
		HideSolutionNode = FALSE
	EndGlobalSection
	GlobalSection(ExtensibilityGlobals) = postSolution
		SolutionGuid = {C9D73241-3E5F-4BEF-B70D-A80F0A64CA23}
	EndGlobalSection
EndGlobal
